
Microsoft Visual Studio Solution File, Format Version 12.00
# Visual Studio Version 17
VisualStudioVersion = 17.7.34024.191
MinimumVisualStudioVersion = 10.0.40219.1
Project("{8BC9CEB8-8B4A-11D0-8D11-00A0C91BC942}") = "level1-3（只有呼叫键版本", "level1-3（只有呼叫键版本\level1-3（只有呼叫键版本.vcxproj", "{71FFD69B-1E93-4A25-9685-2665AC618282}"
EndProject
Global
	GlobalSection(SolutionConfigurationPlatforms) = preSolution
		Debug|x64 = Debug|x64
		Debug|x86 = Debug|x86
		Release|x64 = Release|x64
		Release|x86 = Release|x86
	EndGlobalSection
	GlobalSection(ProjectConfigurationPlatforms) = postSolution
		{71FFD69B-1E93-4A25-9685-2665AC618282}.Debug|x64.ActiveCfg = Debug|x64
		{71FFD69B-1E93-4A25-9685-2665AC618282}.Debug|x64.Build.0 = Debug|x64
		{71FFD69B-1E93-4A25-9685-2665AC618282}.Debug|x86.ActiveCfg = Debug|Win32
		{71FFD69B-1E93-4A25-9685-2665AC618282}.Debug|x86.Build.0 = Debug|Win32
		{71FFD69B-1E93-4A25-9685-2665AC618282}.Release|x64.ActiveCfg = Release|x64
		{71FFD69B-1E93-4A25-9685-2665AC618282}.Release|x64.Build.0 = Release|x64
		{71FFD69B-1E93-4A25-9685-2665AC618282}.Release|x86.ActiveCfg = Release|Win32
		{71FFD69B-1E93-4A25-9685-2665AC618282}.Release|x86.Build.0 = Release|Win32
	EndGlobalSection
	GlobalSection(SolutionProperties) = preSolution
		HideSolutionNode = FALSE
	EndGlobalSection
	GlobalSection(ExtensibilityGlobals) = postSolution
		SolutionGuid = {AA85CF94-38F4-4170-8908-1AB7EDE71512}
	EndGlobalSection
EndGlobal
